// !$*UTF8*$!
{
	archiveVersion = 1;
	classes = {
	};
	objectVersion = 46;
	objects = {

/* Begin PBXBuildFile section */
		9D68661413EAC9270062A4B5 /* libimpHook.a in Frameworks */ = {isa = PBXBuildFile; fileRef = 9D68661313EAC9270062A4B5 /* libimpHook.a */; };
		9DDD9F3C13C9258100027804 /* main.c in Sources */ = {isa = PBXBuildFile; fileRef = 9DDD9F3B13C9258100027804 /* main.c */; };
/* End PBXBuildFile section */

/* Begin PBXFileReference section */
		9D5BB84113E00E6000A83FA5 /* install.sh */ = {isa = PBXFileReference; fileEncoding = 4; lastKnownFileType = text.script.sh; name = install.sh; path = backupd_anyafp/install.sh; sourceTree = "<group>"; };
		9D68661313EAC9270062A4B5 /* libimpHook.a */ = {isa = PBXFileReference; lastKnownFileType = archive.ar; name = libimpHook.a; path = impHook/build/Debug/libimpHook.a; sourceTree = "<group>"; };
		9DDD9F3413C9255C00027804 /* libbackupd_anyfs.dylib */ = {isa = PBXFileReference; explicitFileType = "compiled.mach-o.dylib"; includeInIndex = 0; path = libbackupd_anyfs.dylib; sourceTree = BUILT_PRODUCTS_DIR; };
		9DDD9F3B13C9258100027804 /* main.c */ = {isa = PBXFileReference; fileEncoding = 4; lastKnownFileType = sourcecode.c.c; path = main.c; sourceTree = "<group>"; };
/* End PBXFileReference section */

/* Begin PBXFrameworksBuildPhase section */
		9DDD9F3113C9255C00027804 /* Frameworks */ = {
			isa = PBXFrameworksBuildPhase;
			buildActionMask = 2147483647;
			files = (
				9D68661413EAC9270062A4B5 /* libimpHook.a in Frameworks */,
			);
			runOnlyForDeploymentPostprocessing = 0;
		};
/* End PBXFrameworksBuildPhase section */

/* Begin PBXGroup section */
		9DDD9F2913C9255C00027804 = {
			isa = PBXGroup;
			children = (
				9D68661313EAC9270062A4B5 /* libimpHook.a */,
				9D5BB84113E00E6000A83FA5 /* install.sh */,
				9DDD9F3B13C9258100027804 /* main.c */,
				9DDD9F3513C9255C00027804 /* Products */,
			);
			sourceTree = "<group>";
		};
		9DDD9F3513C9255C00027804 /* Products */ = {
			isa = PBXGroup;
			children = (
				9DDD9F3413C9255C00027804 /* libbackupd_anyfs.dylib */,
			);
			name = Products;
			sourceTree = "<group>";
		};
/* End PBXGroup section */

/* Begin PBXHeadersBuildPhase section */
		9DDD9F3213C9255C00027804 /* Headers */ = {
			isa = PBXHeadersBuildPhase;
			buildActionMask = 2147483647;
			files = (
			);
			runOnlyForDeploymentPostprocessing = 0;
		};
/* End PBXHeadersBuildPhase section */

/* Begin PBXNativeTarget section */
		9DDD9F3313C9255C00027804 /* backupd_anyfs */ = {
			isa = PBXNativeTarget;
			buildConfigurationList = 9DDD9F3813C9255C00027804 /* Build configuration list for PBXNativeTarget "backupd_anyfs" */;
			buildPhases = (
				9DDD9F3013C9255C00027804 /* Sources */,
				9DDD9F3113C9255C00027804 /* Frameworks */,
				9DDD9F3213C9255C00027804 /* Headers */,
			);
			buildRules = (
			);
			dependencies = (
			);
			name = backupd_anyfs;
			productName = backupd_anyfs;
			productReference = 9DDD9F3413C9255C00027804 /* libbackupd_anyfs.dylib */;
			productType = "com.apple.product-type.library.dynamic";
		};
/* End PBXNativeTarget section */

/* Begin PBXProject section */
		9DDD9F2B13C9255C00027804 /* Project object */ = {
			isa = PBXProject;
			attributes = {
				LastUpgradeCheck = 0420;
				ORGANIZATIONNAME = msftguy;
			};
			buildConfigurationList = 9DDD9F2E13C9255C00027804 /* Build configuration list for PBXProject "backupd_anyfs" */;
			compatibilityVersion = "Xcode 3.2";
			developmentRegion = English;
			hasScannedForEncodings = 0;
			knownRegions = (
				en,
			);
			mainGroup = 9DDD9F2913C9255C00027804;
			productRefGroup = 9DDD9F3513C9255C00027804 /* Products */;
			projectDirPath = "";
			projectRoot = "";
			targets = (
				9DDD9F3313C9255C00027804 /* backupd_anyfs */,
			);
		};
/* End PBXProject section */

/* Begin PBXSourcesBuildPhase section */
		9DDD9F3013C9255C00027804 /* Sources */ = {
			isa = PBXSourcesBuildPhase;
			buildActionMask = 2147483647;
			files = (
				9DDD9F3C13C9258100027804 /* main.c in Sources */,
			);
			runOnlyForDeploymentPostprocessing = 0;
		};
/* End PBXSourcesBuildPhase section */

/* Begin XCBuildConfiguration section */
		9DDD9F3613C9255C00027804 /* Debug */ = {
			isa = XCBuildConfiguration;
			buildSettings = {
				ALWAYS_SEARCH_USER_PATHS = NO;
				ARCHS = "$(ARCHS_STANDARD_32_64_BIT)";
				CLANG_ENABLE_OBJC_ARC = YES;
				COPY_PHASE_STRIP = NO;
				GCC_C_LANGUAGE_STANDARD = gnu99;
				GCC_DYNAMIC_NO_PIC = NO;
				GCC_ENABLE_OBJC_EXCEPTIONS = YES;
				GCC_OPTIMIZATION_LEVEL = 0;
				GCC_PREPROCESSOR_DEFINITIONS = (
					"DEBUG=1",
					"$(inherited)",
				);
				GCC_SYMBOLS_PRIVATE_EXTERN = NO;
				GCC_VERSION = com.apple.compilers.llvm.clang.1_0;
				GCC_WARN_64_TO_32_BIT_CONVERSION = YES;
				GCC_WARN_ABOUT_MISSING_PROTOTYPES = YES;
				GCC_WARN_ABOUT_RETURN_TYPE = YES;
				GCC_WARN_UNUSED_VARIABLE = YES;
				MACOSX_DEPLOYMENT_TARGET = 10.7;
				ONLY_ACTIVE_ARCH = YES;
				SDKROOT = macosx;
			};
			name = Debug;
		};
		9DDD9F3713C9255C00027804 /* Release */ = {
			isa = XCBuildConfiguration;
			buildSettings = {
				ALWAYS_SEARCH_USER_PATHS = NO;
				ARCHS = "$(ARCHS_STANDARD_32_64_BIT)";
				CLANG_ENABLE_OBJC_ARC = YES;
				COPY_PHASE_STRIP = YES;
				DEBUG_INFORMATION_FORMAT = "dwarf-with-dsym";
				GCC_C_LANGUAGE_STANDARD = gnu99;
				GCC_ENABLE_OBJC_EXCEPTIONS = YES;
				GCC_VERSION = com.apple.compilers.llvm.clang.1_0;
				GCC_WARN_64_TO_32_BIT_CONVERSION = YES;
				GCC_WARN_ABOUT_MISSING_PROTOTYPES = YES;
				GCC_WARN_ABOUT_RETURN_TYPE = YES;
				GCC_WARN_UNUSED_VARIABLE = YES;
				MACOSX_DEPLOYMENT_TARGET = 10.7;
				SDKROOT = macosx;
			};
			name = Release;
		};
		9DDD9F3913C9255C00027804 /* Debug */ = {
			isa = XCBuildConfiguration;
			buildSettings = {
				EXECUTABLE_PREFIX = lib;
				INIT_ROUTINE = _dl_main;
				LIBRARY_SEARCH_PATHS = (
					"$(inherited)",
					"\"$(SRCROOT)/../impHook/build/Debug\"",
					"\"$(SRCROOT)/impHook/build/Debug\"",
				);
				PRODUCT_NAME = "$(TARGET_NAME)";
			};
			name = Debug;
		};
		9DDD9F3A13C9255C00027804 /* Release */ = {
			isa = XCBuildConfiguration;
			buildSettings = {
				EXECUTABLE_PREFIX = lib;
				INIT_ROUTINE = _dl_main;
				LIBRARY_SEARCH_PATHS = (
					"$(inherited)",
					"\"$(SRCROOT)/../impHook/build/Debug\"",
					"\"$(SRCROOT)/impHook/build/Debug\"",
				);
				PRODUCT_NAME = "$(TARGET_NAME)";
			};
			name = Release;
		};
/* End XCBuildConfiguration section */

/* Begin XCConfigurationList section */
		9DDD9F2E13C9255C00027804 /* Build configuration list for PBXProject "backupd_anyfs" */ = {
			isa = XCConfigurationList;
			buildConfigurations = (
				9DDD9F3613C9255C00027804 /* Debug */,
				9DDD9F3713C9255C00027804 /* Release */,
			);
			defaultConfigurationIsVisible = 0;
			defaultConfigurationName = Release;
		};
		9DDD9F3813C9255C00027804 /* Build configuration list for PBXNativeTarget "backupd_anyfs" */ = {
			isa = XCConfigurationList;
			buildConfigurations = (
				9DDD9F3913C9255C00027804 /* Debug */,
				9DDD9F3A13C9255C00027804 /* Release */,
			);
			defaultConfigurationIsVisible = 0;
			defaultConfigurationName = Release;
		};
/* End XCConfigurationList section */
	};
	rootObject = 9DDD9F2B13C9255C00027804 /* Project object */;
}
